{
  "name": "jtype-system",
  "version": "1.1.2",
  "lockfileVersion": 1,
  "requires": true,
  "dependencies": {
    "esm": {
      "version": "3.1.0",
      "resolved": "https://registry.npmjs.org/esm/-/esm-3.1.0.tgz",
      "integrity": "sha512-r4Go7Wh7Wh0WPinRXeeM9PIajRsUdt8SAyki5R1obVc0+BwtqvtjbngVSSdXg0jCe2xZkY8hyBMx6q/uymUkPw=="
    }
  }
}
