{
  "name": "jtype-system",
  "version": "1.0.3",
  "lockfileVersion": 1,
  "requires": true,
  "dependencies": {
    "esm": {
      "version": "3.0.74",
      "resolved": "https://registry.npmjs.org/esm/-/esm-3.0.74.tgz",
      "integrity": "sha512-+eTnBYtB1TC2dDZ0HGSRz98hiT4vbF33/OUvnsTHSAcXwhtNLuZHUE3Vc0viRS+OFXXpRAKQBupBNKvd9YOyxw=="
    }
  }
}
